// !$*UTF8*$!
{
	archiveVersion = 1;
	classes = {
	};
	objectVersion = 56;
	objects = {

/* Begin PBXBuildFile section */
		401F5DAD2ABFEC1700D7EA26 /* AqeelAhamed_CW_iOSApp.swift in Sources */ = {isa = PBXBuildFile; fileRef = 401F5DAC2ABFEC1700D7EA26 /* AqeelAhamed_CW_iOSApp.swift */; };
		401F5DAF2ABFEC1700D7EA26 /* ContentView.swift in Sources */ = {isa = PBXBuildFile; fileRef = 401F5DAE2ABFEC1700D7EA26 /* ContentView.swift */; };
		401F5DB12ABFEC1A00D7EA26 /* Assets.xcassets in Resources */ = {isa = PBXBuildFile; fileRef = 401F5DB02ABFEC1A00D7EA26 /* Assets.xcassets */; };
		401F5DB42ABFEC1A00D7EA26 /* Preview Assets.xcassets in Resources */ = {isa = PBXBuildFile; fileRef = 401F5DB32ABFEC1A00D7EA26 /* Preview Assets.xcassets */; };
		401F5DC02ABFF0B300D7EA26 /* DashboardView.swift in Sources */ = {isa = PBXBuildFile; fileRef = 401F5DBF2ABFF0B300D7EA26 /* DashboardView.swift */; };
		401F5DC22ABFF0CA00D7EA26 /* LoginView.swift in Sources */ = {isa = PBXBuildFile; fileRef = 401F5DC12ABFF0CA00D7EA26 /* LoginView.swift */; };
		401F5DC52ABFF11D00D7EA26 /* AuthenticationViewModel.swift in Sources */ = {isa = PBXBuildFile; fileRef = 401F5DC42ABFF11D00D7EA26 /* AuthenticationViewModel.swift */; };
		401F5DC82ABFF28300D7EA26 /* FirebaseAuth in Frameworks */ = {isa = PBXBuildFile; productRef = 401F5DC72ABFF28300D7EA26 /* FirebaseAuth */; };
		401F5DCA2ABFF28300D7EA26 /* FirebaseDatabase in Frameworks */ = {isa = PBXBuildFile; productRef = 401F5DC92ABFF28300D7EA26 /* FirebaseDatabase */; };
		401F5DCC2ABFF28300D7EA26 /* FirebaseFirestore in Frameworks */ = {isa = PBXBuildFile; productRef = 401F5DCB2ABFF28300D7EA26 /* FirebaseFirestore */; };
		401F5DCE2ABFF28300D7EA26 /* FirebaseFirestoreSwift in Frameworks */ = {isa = PBXBuildFile; productRef = 401F5DCD2ABFF28300D7EA26 /* FirebaseFirestoreSwift */; };
		401F5DD02ABFF28300D7EA26 /* FirebaseStorage in Frameworks */ = {isa = PBXBuildFile; productRef = 401F5DCF2ABFF28300D7EA26 /* FirebaseStorage */; };
		401F5DD22ABFF79C00D7EA26 /* GoogleService-Info.plist in Resources */ = {isa = PBXBuildFile; fileRef = 401F5DD12ABFF79C00D7EA26 /* GoogleService-Info.plist */; };
		401F5DD42ABFFD9D00D7EA26 /* SignUpView.swift in Sources */ = {isa = PBXBuildFile; fileRef = 401F5DD32ABFFD9D00D7EA26 /* SignUpView.swift */; };
		401F5DD72AC061F100D7EA26 /* LocalUser.swift in Sources */ = {isa = PBXBuildFile; fileRef = 401F5DD62AC061F100D7EA26 /* LocalUser.swift */; };
		404E31692AC50E9200F9AA72 /* AddBudgetsViewModel.swift in Sources */ = {isa = PBXBuildFile; fileRef = 404E31682AC50E9200F9AA72 /* AddBudgetsViewModel.swift */; };
		404E316B2AC513AC00F9AA72 /* DashboardViewModel.swift in Sources */ = {isa = PBXBuildFile; fileRef = 404E316A2AC513AC00F9AA72 /* DashboardViewModel.swift */; };
		404E316D2AC5181C00F9AA72 /* AddBudgetsView.swift in Sources */ = {isa = PBXBuildFile; fileRef = 404E316C2AC5181C00F9AA72 /* AddBudgetsView.swift */; };
		404E31702AC53C3200F9AA72 /* Handlers.swift in Sources */ = {isa = PBXBuildFile; fileRef = 404E316F2AC53C3200F9AA72 /* Handlers.swift */; };
		40BA72A52AC2B4710018E00D /* Categories.swift in Sources */ = {isa = PBXBuildFile; fileRef = 40BA72A42AC2B4710018E00D /* Categories.swift */; };
		40BA72A72AC2B6B50018E00D /* Budget.swift in Sources */ = {isa = PBXBuildFile; fileRef = 40BA72A62AC2B6B40018E00D /* Budget.swift */; };
		40FC4DFF2AC5AD70006FE822 /* DropdownButton.swift in Sources */ = {isa = PBXBuildFile; fileRef = 40FC4DFE2AC5AD70006FE822 /* DropdownButton.swift */; };
		40FC4E012AC5B09F006FE822 /* AddTransactionViewModel.swift in Sources */ = {isa = PBXBuildFile; fileRef = 40FC4E002AC5B09F006FE822 /* AddTransactionViewModel.swift */; };
		40FC4E042AC5B378006FE822 /* AddTransactionView.swift in Sources */ = {isa = PBXBuildFile; fileRef = 40FC4E032AC5B378006FE822 /* AddTransactionView.swift */; };
		40FC4E062AC5BB2C006FE822 /* Transaction.swift in Sources */ = {isa = PBXBuildFile; fileRef = 40FC4E052AC5BB2C006FE822 /* Transaction.swift */; };
/* End PBXBuildFile section */

/* Begin PBXFileReference section */
		401F5DA92ABFEC1700D7EA26 /* AqeelAhamed-CW-iOS.app */ = {isa = PBXFileReference; explicitFileType = wrapper.application; includeInIndex = 0; path = "AqeelAhamed-CW-iOS.app"; sourceTree = BUILT_PRODUCTS_DIR; };
		401F5DAC2ABFEC1700D7EA26 /* AqeelAhamed_CW_iOSApp.swift */ = {isa = PBXFileReference; lastKnownFileType = sourcecode.swift; path = AqeelAhamed_CW_iOSApp.swift; sourceTree = "<group>"; };
		401F5DAE2ABFEC1700D7EA26 /* ContentView.swift */ = {isa = PBXFileReference; lastKnownFileType = sourcecode.swift; path = ContentView.swift; sourceTree = "<group>"; };
		401F5DB02ABFEC1A00D7EA26 /* Assets.xcassets */ = {isa = PBXFileReference; lastKnownFileType = folder.assetcatalog; path = Assets.xcassets; sourceTree = "<group>"; };
		401F5DB32ABFEC1A00D7EA26 /* Preview Assets.xcassets */ = {isa = PBXFileReference; lastKnownFileType = folder.assetcatalog; path = "Preview Assets.xcassets"; sourceTree = "<group>"; };
		401F5DBF2ABFF0B300D7EA26 /* DashboardView.swift */ = {isa = PBXFileReference; lastKnownFileType = sourcecode.swift; path = DashboardView.swift; sourceTree = "<group>"; };
		401F5DC12ABFF0CA00D7EA26 /* LoginView.swift */ = {isa = PBXFileReference; lastKnownFileType = sourcecode.swift; path = LoginView.swift; sourceTree = "<group>"; };
		401F5DC42ABFF11D00D7EA26 /* AuthenticationViewModel.swift */ = {isa = PBXFileReference; lastKnownFileType = sourcecode.swift; path = AuthenticationViewModel.swift; sourceTree = "<group>"; };
		401F5DD12ABFF79C00D7EA26 /* GoogleService-Info.plist */ = {isa = PBXFileReference; fileEncoding = 4; lastKnownFileType = text.plist.xml; path = "GoogleService-Info.plist"; sourceTree = "<group>"; };
		401F5DD32ABFFD9D00D7EA26 /* SignUpView.swift */ = {isa = PBXFileReference; lastKnownFileType = sourcecode.swift; path = SignUpView.swift; sourceTree = "<group>"; };
		401F5DD62AC061F100D7EA26 /* LocalUser.swift */ = {isa = PBXFileReference; lastKnownFileType = sourcecode.swift; path = LocalUser.swift; sourceTree = "<group>"; };
		404E31682AC50E9200F9AA72 /* AddBudgetsViewModel.swift */ = {isa = PBXFileReference; lastKnownFileType = sourcecode.swift; path = AddBudgetsViewModel.swift; sourceTree = "<group>"; };
		404E316A2AC513AC00F9AA72 /* DashboardViewModel.swift */ = {isa = PBXFileReference; lastKnownFileType = sourcecode.swift; path = DashboardViewModel.swift; sourceTree = "<group>"; };
		404E316C2AC5181C00F9AA72 /* AddBudgetsView.swift */ = {isa = PBXFileReference; lastKnownFileType = sourcecode.swift; path = AddBudgetsView.swift; sourceTree = "<group>"; };
		404E316F2AC53C3200F9AA72 /* Handlers.swift */ = {isa = PBXFileReference; lastKnownFileType = sourcecode.swift; path = Handlers.swift; sourceTree = "<group>"; };
		40BA72A42AC2B4710018E00D /* Categories.swift */ = {isa = PBXFileReference; lastKnownFileType = sourcecode.swift; path = Categories.swift; sourceTree = "<group>"; };
		40BA72A62AC2B6B40018E00D /* Budget.swift */ = {isa = PBXFileReference; lastKnownFileType = sourcecode.swift; path = Budget.swift; sourceTree = "<group>"; };
		40FC4DFE2AC5AD70006FE822 /* DropdownButton.swift */ = {isa = PBXFileReference; lastKnownFileType = sourcecode.swift; path = DropdownButton.swift; sourceTree = "<group>"; };
		40FC4E002AC5B09F006FE822 /* AddTransactionViewModel.swift */ = {isa = PBXFileReference; lastKnownFileType = sourcecode.swift; path = AddTransactionViewModel.swift; sourceTree = "<group>"; };
		40FC4E032AC5B378006FE822 /* AddTransactionView.swift */ = {isa = PBXFileReference; lastKnownFileType = sourcecode.swift; path = AddTransactionView.swift; sourceTree = "<group>"; };
		40FC4E052AC5BB2C006FE822 /* Transaction.swift */ = {isa = PBXFileReference; lastKnownFileType = sourcecode.swift; path = Transaction.swift; sourceTree = "<group>"; };
/* End PBXFileReference section */

/* Begin PBXFrameworksBuildPhase section */
		401F5DA62ABFEC1700D7EA26 /* Frameworks */ = {
			isa = PBXFrameworksBuildPhase;
			buildActionMask = 2147483647;
			files = (
				401F5DCA2ABFF28300D7EA26 /* FirebaseDatabase in Frameworks */,
				401F5DC82ABFF28300D7EA26 /* FirebaseAuth in Frameworks */,
				401F5DCC2ABFF28300D7EA26 /* FirebaseFirestore in Frameworks */,
				401F5DD02ABFF28300D7EA26 /* FirebaseStorage in Frameworks */,
				401F5DCE2ABFF28300D7EA26 /* FirebaseFirestoreSwift in Frameworks */,
			);
			runOnlyForDeploymentPostprocessing = 0;
		};
/* End PBXFrameworksBuildPhase section */

/* Begin PBXGroup section */
		401F5DA02ABFEC1700D7EA26 = {
			isa = PBXGroup;
			children = (
				401F5DAB2ABFEC1700D7EA26 /* AqeelAhamed-CW-iOS */,
				401F5DAA2ABFEC1700D7EA26 /* Products */,
			);
			sourceTree = "<group>";
		};
		401F5DAA2ABFEC1700D7EA26 /* Products */ = {
			isa = PBXGroup;
			children = (
				401F5DA92ABFEC1700D7EA26 /* AqeelAhamed-CW-iOS.app */,
			);
			name = Products;
			sourceTree = "<group>";
		};
		401F5DAB2ABFEC1700D7EA26 /* AqeelAhamed-CW-iOS */ = {
			isa = PBXGroup;
			children = (
				404E316E2AC53C2400F9AA72 /* Helpers */,
				401F5DD52AC061DE00D7EA26 /* Models */,
				401F5DD12ABFF79C00D7EA26 /* GoogleService-Info.plist */,
				401F5DC32ABFF10C00D7EA26 /* ViewModels */,
				401F5DBA2ABFF05F00D7EA26 /* Views */,
				401F5DAC2ABFEC1700D7EA26 /* AqeelAhamed_CW_iOSApp.swift */,
				401F5DAE2ABFEC1700D7EA26 /* ContentView.swift */,
				401F5DB02ABFEC1A00D7EA26 /* Assets.xcassets */,
				401F5DB22ABFEC1A00D7EA26 /* Preview Content */,
			);
			path = "AqeelAhamed-CW-iOS";
			sourceTree = "<group>";
		};
		401F5DB22ABFEC1A00D7EA26 /* Preview Content */ = {
			isa = PBXGroup;
			children = (
				401F5DB32ABFEC1A00D7EA26 /* Preview Assets.xcassets */,
			);
			path = "Preview Content";
			sourceTree = "<group>";
		};
		401F5DBA2ABFF05F00D7EA26 /* Views */ = {
			isa = PBXGroup;
			children = (
				40FC4E022AC5B360006FE822 /* AddTransaction */,
				404E31672AC50E7900F9AA72 /* AddBudgets */,
				401F5DBE2ABFF09B00D7EA26 /* Home */,
				401F5DBD2ABFF08100D7EA26 /* Auth */,
			);
			path = Views;
			sourceTree = "<group>";
		};
		401F5DBD2ABFF08100D7EA26 /* Auth */ = {
			isa = PBXGroup;
			children = (
				401F5DC12ABFF0CA00D7EA26 /* LoginView.swift */,
				401F5DD32ABFFD9D00D7EA26 /* SignUpView.swift */,
			);
			path = Auth;
			sourceTree = "<group>";
		};
		401F5DBE2ABFF09B00D7EA26 /* Home */ = {
			isa = PBXGroup;
			children = (
				401F5DBF2ABFF0B300D7EA26 /* DashboardView.swift */,
			);
			path = Home;
			sourceTree = "<group>";
		};
		401F5DC32ABFF10C00D7EA26 /* ViewModels */ = {
			isa = PBXGroup;
			children = (
				404E31682AC50E9200F9AA72 /* AddBudgetsViewModel.swift */,
				401F5DC42ABFF11D00D7EA26 /* AuthenticationViewModel.swift */,
				404E316A2AC513AC00F9AA72 /* DashboardViewModel.swift */,
				40FC4E002AC5B09F006FE822 /* AddTransactionViewModel.swift */,
			);
			path = ViewModels;
			sourceTree = "<group>";
		};
		401F5DD52AC061DE00D7EA26 /* Models */ = {
			isa = PBXGroup;
			children = (
				401F5DD62AC061F100D7EA26 /* LocalUser.swift */,
				40BA72A42AC2B4710018E00D /* Categories.swift */,
				40BA72A62AC2B6B40018E00D /* Budget.swift */,
				40FC4E052AC5BB2C006FE822 /* Transaction.swift */,
			);
			path = Models;
			sourceTree = "<group>";
		};
		404E31672AC50E7900F9AA72 /* AddBudgets */ = {
			isa = PBXGroup;
			children = (
				404E316C2AC5181C00F9AA72 /* AddBudgetsView.swift */,
			);
			path = AddBudgets;
			sourceTree = "<group>";
		};
		404E316E2AC53C2400F9AA72 /* Helpers */ = {
			isa = PBXGroup;
			children = (
				404E316F2AC53C3200F9AA72 /* Handlers.swift */,
				40FC4DFE2AC5AD70006FE822 /* DropdownButton.swift */,
			);
			path = Helpers;
			sourceTree = "<group>";
		};
		40FC4E022AC5B360006FE822 /* AddTransaction */ = {
			isa = PBXGroup;
			children = (
				40FC4E032AC5B378006FE822 /* AddTransactionView.swift */,
			);
			path = AddTransaction;
			sourceTree = "<group>";
		};
/* End PBXGroup section */

/* Begin PBXNativeTarget section */
		401F5DA82ABFEC1700D7EA26 /* AqeelAhamed-CW-iOS */ = {
			isa = PBXNativeTarget;
			buildConfigurationList = 401F5DB72ABFEC1A00D7EA26 /* Build configuration list for PBXNativeTarget "AqeelAhamed-CW-iOS" */;
			buildPhases = (
				401F5DA52ABFEC1700D7EA26 /* Sources */,
				401F5DA62ABFEC1700D7EA26 /* Frameworks */,
				401F5DA72ABFEC1700D7EA26 /* Resources */,
			);
			buildRules = (
			);
			dependencies = (
			);
			name = "AqeelAhamed-CW-iOS";
			packageProductDependencies = (
				401F5DC72ABFF28300D7EA26 /* FirebaseAuth */,
				401F5DC92ABFF28300D7EA26 /* FirebaseDatabase */,
				401F5DCB2ABFF28300D7EA26 /* FirebaseFirestore */,
				401F5DCD2ABFF28300D7EA26 /* FirebaseFirestoreSwift */,
				401F5DCF2ABFF28300D7EA26 /* FirebaseStorage */,
			);
			productName = "AqeelAhamed-CW-iOS";
			productReference = 401F5DA92ABFEC1700D7EA26 /* AqeelAhamed-CW-iOS.app */;
			productType = "com.apple.product-type.application";
		};
/* End PBXNativeTarget section */

/* Begin PBXProject section */
		401F5DA12ABFEC1700D7EA26 /* Project object */ = {
			isa = PBXProject;
			attributes = {
				BuildIndependentTargetsInParallel = 1;
				LastSwiftUpdateCheck = 1420;
				LastUpgradeCheck = 1420;
				TargetAttributes = {
					401F5DA82ABFEC1700D7EA26 = {
						CreatedOnToolsVersion = 14.2;
					};
				};
			};
			buildConfigurationList = 401F5DA42ABFEC1700D7EA26 /* Build configuration list for PBXProject "AqeelAhamed-CW-iOS" */;
			compatibilityVersion = "Xcode 14.0";
			developmentRegion = en;
			hasScannedForEncodings = 0;
			knownRegions = (
				en,
				Base,
			);
			mainGroup = 401F5DA02ABFEC1700D7EA26;
			packageReferences = (
				401F5DC62ABFF28300D7EA26 /* XCRemoteSwiftPackageReference "firebase-ios-sdk" */,
			);
			productRefGroup = 401F5DAA2ABFEC1700D7EA26 /* Products */;
			projectDirPath = "";
			projectRoot = "";
			targets = (
				401F5DA82ABFEC1700D7EA26 /* AqeelAhamed-CW-iOS */,
			);
		};
/* End PBXProject section */

/* Begin PBXResourcesBuildPhase section */
		401F5DA72ABFEC1700D7EA26 /* Resources */ = {
			isa = PBXResourcesBuildPhase;
			buildActionMask = 2147483647;
			files = (
				401F5DB42ABFEC1A00D7EA26 /* Preview Assets.xcassets in Resources */,
				401F5DB12ABFEC1A00D7EA26 /* Assets.xcassets in Resources */,
				401F5DD22ABFF79C00D7EA26 /* GoogleService-Info.plist in Resources */,
			);
			runOnlyForDeploymentPostprocessing = 0;
		};
/* End PBXResourcesBuildPhase section */

/* Begin PBXSourcesBuildPhase section */
		401F5DA52ABFEC1700D7EA26 /* Sources */ = {
			isa = PBXSourcesBuildPhase;
			buildActionMask = 2147483647;
			files = (
				401F5DC02ABFF0B300D7EA26 /* DashboardView.swift in Sources */,
				404E31702AC53C3200F9AA72 /* Handlers.swift in Sources */,
				40FC4DFF2AC5AD70006FE822 /* DropdownButton.swift in Sources */,
				404E316D2AC5181C00F9AA72 /* AddBudgetsView.swift in Sources */,
				401F5DC52ABFF11D00D7EA26 /* AuthenticationViewModel.swift in Sources */,
				40BA72A52AC2B4710018E00D /* Categories.swift in Sources */,
				401F5DAF2ABFEC1700D7EA26 /* ContentView.swift in Sources */,
				40FC4E062AC5BB2C006FE822 /* Transaction.swift in Sources */,
				404E316B2AC513AC00F9AA72 /* DashboardViewModel.swift in Sources */,
				401F5DC22ABFF0CA00D7EA26 /* LoginView.swift in Sources */,
				40BA72A72AC2B6B50018E00D /* Budget.swift in Sources */,
				401F5DD72AC061F100D7EA26 /* LocalUser.swift in Sources */,
				401F5DD42ABFFD9D00D7EA26 /* SignUpView.swift in Sources */,
				401F5DAD2ABFEC1700D7EA26 /* AqeelAhamed_CW_iOSApp.swift in Sources */,
				40FC4E042AC5B378006FE822 /* AddTransactionView.swift in Sources */,
				40FC4E012AC5B09F006FE822 /* AddTransactionViewModel.swift in Sources */,
				404E31692AC50E9200F9AA72 /* AddBudgetsViewModel.swift in Sources */,
			);
			runOnlyForDeploymentPostprocessing = 0;
		};
/* End PBXSourcesBuildPhase section */

/* Begin XCBuildConfiguration section */
		401F5DB52ABFEC1A00D7EA26 /* Debug */ = {
			isa = XCBuildConfiguration;
			buildSettings = {
				ALWAYS_SEARCH_USER_PATHS = NO;
				CLANG_ANALYZER_NONNULL = YES;
				CLANG_ANALYZER_NUMBER_OBJECT_CONVERSION = YES_AGGRESSIVE;
				CLANG_CXX_LANGUAGE_STANDARD = "gnu++20";
				CLANG_ENABLE_MODULES = YES;
				CLANG_ENABLE_OBJC_ARC = YES;
				CLANG_ENABLE_OBJC_WEAK = YES;
				CLANG_WARN_BLOCK_CAPTURE_AUTORELEASING = YES;
				CLANG_WARN_BOOL_CONVERSION = YES;
				CLANG_WARN_COMMA = YES;
				CLANG_WARN_CONSTANT_CONVERSION = YES;
				CLANG_WARN_DEPRECATED_OBJC_IMPLEMENTATIONS = YES;
				CLANG_WARN_DIRECT_OBJC_ISA_USAGE = YES_ERROR;
				CLANG_WARN_DOCUMENTATION_COMMENTS = YES;
				CLANG_WARN_EMPTY_BODY = YES;
				CLANG_WARN_ENUM_CONVERSION = YES;
				CLANG_WARN_INFINITE_RECURSION = YES;
				CLANG_WARN_INT_CONVERSION = YES;
				CLANG_WARN_NON_LITERAL_NULL_CONVERSION = YES;
				CLANG_WARN_OBJC_IMPLICIT_RETAIN_SELF = YES;
				CLANG_WARN_OBJC_LITERAL_CONVERSION = YES;
				CLANG_WARN_OBJC_ROOT_CLASS = YES_ERROR;
				CLANG_WARN_QUOTED_INCLUDE_IN_FRAMEWORK_HEADER = YES;
				CLANG_WARN_RANGE_LOOP_ANALYSIS = YES;
				CLANG_WARN_STRICT_PROTOTYPES = YES;
				CLANG_WARN_SUSPICIOUS_MOVE = YES;
				CLANG_WARN_UNGUARDED_AVAILABILITY = YES_AGGRESSIVE;
				CLANG_WARN_UNREACHABLE_CODE = YES;
				CLANG_WARN__DUPLICATE_METHOD_MATCH = YES;
				COPY_PHASE_STRIP = NO;
				DEBUG_INFORMATION_FORMAT = dwarf;
				ENABLE_STRICT_OBJC_MSGSEND = YES;
				ENABLE_TESTABILITY = YES;
				GCC_C_LANGUAGE_STANDARD = gnu11;
				GCC_DYNAMIC_NO_PIC = NO;
				GCC_NO_COMMON_BLOCKS = YES;
				GCC_OPTIMIZATION_LEVEL = 0;
				GCC_PREPROCESSOR_DEFINITIONS = (
					"DEBUG=1",
					"$(inherited)",
				);
				GCC_WARN_64_TO_32_BIT_CONVERSION = YES;
				GCC_WARN_ABOUT_RETURN_TYPE = YES_ERROR;
				GCC_WARN_UNDECLARED_SELECTOR = YES;
				GCC_WARN_UNINITIALIZED_AUTOS = YES_AGGRESSIVE;
				GCC_WARN_UNUSED_FUNCTION = YES;
				GCC_WARN_UNUSED_VARIABLE = YES;
				IPHONEOS_DEPLOYMENT_TARGET = 16.2;
				MTL_ENABLE_DEBUG_INFO = INCLUDE_SOURCE;
				MTL_FAST_MATH = YES;
				ONLY_ACTIVE_ARCH = YES;
				SDKROOT = iphoneos;
				SWIFT_ACTIVE_COMPILATION_CONDITIONS = DEBUG;
				SWIFT_OPTIMIZATION_LEVEL = "-Onone";
			};
			name = Debug;
		};
		401F5DB62ABFEC1A00D7EA26 /* Release */ = {
			isa = XCBuildConfiguration;
			buildSettings = {
				ALWAYS_SEARCH_USER_PATHS = NO;
				CLANG_ANALYZER_NONNULL = YES;
				CLANG_ANALYZER_NUMBER_OBJECT_CONVERSION = YES_AGGRESSIVE;
				CLANG_CXX_LANGUAGE_STANDARD = "gnu++20";
				CLANG_ENABLE_MODULES = YES;
				CLANG_ENABLE_OBJC_ARC = YES;
				CLANG_ENABLE_OBJC_WEAK = YES;
				CLANG_WARN_BLOCK_CAPTURE_AUTORELEASING = YES;
				CLANG_WARN_BOOL_CONVERSION = YES;
				CLANG_WARN_COMMA = YES;
				CLANG_WARN_CONSTANT_CONVERSION = YES;
				CLANG_WARN_DEPRECATED_OBJC_IMPLEMENTATIONS = YES;
				CLANG_WARN_DIRECT_OBJC_ISA_USAGE = YES_ERROR;
				CLANG_WARN_DOCUMENTATION_COMMENTS = YES;
				CLANG_WARN_EMPTY_BODY = YES;
				CLANG_WARN_ENUM_CONVERSION = YES;
				CLANG_WARN_INFINITE_RECURSION = YES;
				CLANG_WARN_INT_CONVERSION = YES;
				CLANG_WARN_NON_LITERAL_NULL_CONVERSION = YES;
				CLANG_WARN_OBJC_IMPLICIT_RETAIN_SELF = YES;
				CLANG_WARN_OBJC_LITERAL_CONVERSION = YES;
				CLANG_WARN_OBJC_ROOT_CLASS = YES_ERROR;
				CLANG_WARN_QUOTED_INCLUDE_IN_FRAMEWORK_HEADER = YES;
				CLANG_WARN_RANGE_LOOP_ANALYSIS = YES;
				CLANG_WARN_STRICT_PROTOTYPES = YES;
				CLANG_WARN_SUSPICIOUS_MOVE = YES;
				CLANG_WARN_UNGUARDED_AVAILABILITY = YES_AGGRESSIVE;
				CLANG_WARN_UNREACHABLE_CODE = YES;
				CLANG_WARN__DUPLICATE_METHOD_MATCH = YES;
				COPY_PHASE_STRIP = NO;
				DEBUG_INFORMATION_FORMAT = "dwarf-with-dsym";
				ENABLE_NS_ASSERTIONS = NO;
				ENABLE_STRICT_OBJC_MSGSEND = YES;
				GCC_C_LANGUAGE_STANDARD = gnu11;
				GCC_NO_COMMON_BLOCKS = YES;
				GCC_WARN_64_TO_32_BIT_CONVERSION = YES;
				GCC_WARN_ABOUT_RETURN_TYPE = YES_ERROR;
				GCC_WARN_UNDECLARED_SELECTOR = YES;
				GCC_WARN_UNINITIALIZED_AUTOS = YES_AGGRESSIVE;
				GCC_WARN_UNUSED_FUNCTION = YES;
				GCC_WARN_UNUSED_VARIABLE = YES;
				IPHONEOS_DEPLOYMENT_TARGET = 16.2;
				MTL_ENABLE_DEBUG_INFO = NO;
				MTL_FAST_MATH = YES;
				SDKROOT = iphoneos;
				SWIFT_COMPILATION_MODE = wholemodule;
				SWIFT_OPTIMIZATION_LEVEL = "-O";
				VALIDATE_PRODUCT = YES;
			};
			name = Release;
		};
		401F5DB82ABFEC1A00D7EA26 /* Debug */ = {
			isa = XCBuildConfiguration;
			buildSettings = {
				ASSETCATALOG_COMPILER_APPICON_NAME = AppIcon;
				ASSETCATALOG_COMPILER_GLOBAL_ACCENT_COLOR_NAME = AccentColor;
				CODE_SIGN_STYLE = Automatic;
				CURRENT_PROJECT_VERSION = 1;
				DEVELOPMENT_ASSET_PATHS = "\"AqeelAhamed-CW-iOS/Preview Content\"";
				ENABLE_PREVIEWS = YES;
				GENERATE_INFOPLIST_FILE = YES;
				INFOPLIST_KEY_UIApplicationSceneManifest_Generation = YES;
				INFOPLIST_KEY_UIApplicationSupportsIndirectInputEvents = YES;
				INFOPLIST_KEY_UILaunchScreen_Generation = YES;
				INFOPLIST_KEY_UISupportedInterfaceOrientations_iPad = "UIInterfaceOrientationPortrait UIInterfaceOrientationPortraitUpsideDown UIInterfaceOrientationLandscapeLeft UIInterfaceOrientationLandscapeRight";
				INFOPLIST_KEY_UISupportedInterfaceOrientations_iPhone = "UIInterfaceOrientationPortrait UIInterfaceOrientationLandscapeLeft UIInterfaceOrientationLandscapeRight";
				LD_RUNPATH_SEARCH_PATHS = (
					"$(inherited)",
					"@executable_path/Frameworks",
				);
				MARKETING_VERSION = 1.0;
				PRODUCT_BUNDLE_IDENTIFIER = "com.aqeel.AqeelAhamed-CW-iOS";
				PRODUCT_NAME = "$(TARGET_NAME)";
				SWIFT_EMIT_LOC_STRINGS = YES;
				SWIFT_VERSION = 5.0;
				TARGETED_DEVICE_FAMILY = "1,2";
			};
			name = Debug;
		};
		401F5DB92ABFEC1A00D7EA26 /* Release */ = {
			isa = XCBuildConfiguration;
			buildSettings = {
				ASSETCATALOG_COMPILER_APPICON_NAME = AppIcon;
				ASSETCATALOG_COMPILER_GLOBAL_ACCENT_COLOR_NAME = AccentColor;
				CODE_SIGN_STYLE = Automatic;
				CURRENT_PROJECT_VERSION = 1;
				DEVELOPMENT_ASSET_PATHS = "\"AqeelAhamed-CW-iOS/Preview Content\"";
				ENABLE_PREVIEWS = YES;
				GENERATE_INFOPLIST_FILE = YES;
				INFOPLIST_KEY_UIApplicationSceneManifest_Generation = YES;
				INFOPLIST_KEY_UIApplicationSupportsIndirectInputEvents = YES;
				INFOPLIST_KEY_UILaunchScreen_Generation = YES;
				INFOPLIST_KEY_UISupportedInterfaceOrientations_iPad = "UIInterfaceOrientationPortrait UIInterfaceOrientationPortraitUpsideDown UIInterfaceOrientationLandscapeLeft UIInterfaceOrientationLandscapeRight";
				INFOPLIST_KEY_UISupportedInterfaceOrientations_iPhone = "UIInterfaceOrientationPortrait UIInterfaceOrientationLandscapeLeft UIInterfaceOrientationLandscapeRight";
				LD_RUNPATH_SEARCH_PATHS = (
					"$(inherited)",
					"@executable_path/Frameworks",
				);
				MARKETING_VERSION = 1.0;
				PRODUCT_BUNDLE_IDENTIFIER = "com.aqeel.AqeelAhamed-CW-iOS";
				PRODUCT_NAME = "$(TARGET_NAME)";
				SWIFT_EMIT_LOC_STRINGS = YES;
				SWIFT_VERSION = 5.0;
				TARGETED_DEVICE_FAMILY = "1,2";
			};
			name = Release;
		};
/* End XCBuildConfiguration section */

/* Begin XCConfigurationList section */
		401F5DA42ABFEC1700D7EA26 /* Build configuration list for PBXProject "AqeelAhamed-CW-iOS" */ = {
			isa = XCConfigurationList;
			buildConfigurations = (
				401F5DB52ABFEC1A00D7EA26 /* Debug */,
				401F5DB62ABFEC1A00D7EA26 /* Release */,
			);
			defaultConfigurationIsVisible = 0;
			defaultConfigurationName = Release;
		};
		401F5DB72ABFEC1A00D7EA26 /* Build configuration list for PBXNativeTarget "AqeelAhamed-CW-iOS" */ = {
			isa = XCConfigurationList;
			buildConfigurations = (
				401F5DB82ABFEC1A00D7EA26 /* Debug */,
				401F5DB92ABFEC1A00D7EA26 /* Release */,
			);
			defaultConfigurationIsVisible = 0;
			defaultConfigurationName = Release;
		};
/* End XCConfigurationList section */

/* Begin XCRemoteSwiftPackageReference section */
		401F5DC62ABFF28300D7EA26 /* XCRemoteSwiftPackageReference "firebase-ios-sdk" */ = {
			isa = XCRemoteSwiftPackageReference;
			repositoryURL = "https://github.com/firebase/firebase-ios-sdk.git";
			requirement = {
				branch = master;
				kind = branch;
			};
		};
/* End XCRemoteSwiftPackageReference section */

/* Begin XCSwiftPackageProductDependency section */
		401F5DC72ABFF28300D7EA26 /* FirebaseAuth */ = {
			isa = XCSwiftPackageProductDependency;
			package = 401F5DC62ABFF28300D7EA26 /* XCRemoteSwiftPackageReference "firebase-ios-sdk" */;
			productName = FirebaseAuth;
		};
		401F5DC92ABFF28300D7EA26 /* FirebaseDatabase */ = {
			isa = XCSwiftPackageProductDependency;
			package = 401F5DC62ABFF28300D7EA26 /* XCRemoteSwiftPackageReference "firebase-ios-sdk" */;
			productName = FirebaseDatabase;
		};
		401F5DCB2ABFF28300D7EA26 /* FirebaseFirestore */ = {
			isa = XCSwiftPackageProductDependency;
			package = 401F5DC62ABFF28300D7EA26 /* XCRemoteSwiftPackageReference "firebase-ios-sdk" */;
			productName = FirebaseFirestore;
		};
		401F5DCD2ABFF28300D7EA26 /* FirebaseFirestoreSwift */ = {
			isa = XCSwiftPackageProductDependency;
			package = 401F5DC62ABFF28300D7EA26 /* XCRemoteSwiftPackageReference "firebase-ios-sdk" */;
			productName = FirebaseFirestoreSwift;
		};
		401F5DCF2ABFF28300D7EA26 /* FirebaseStorage */ = {
			isa = XCSwiftPackageProductDependency;
			package = 401F5DC62ABFF28300D7EA26 /* XCRemoteSwiftPackageReference "firebase-ios-sdk" */;
			productName = FirebaseStorage;
		};
/* End XCSwiftPackageProductDependency section */
	};
	rootObject = 401F5DA12ABFEC1700D7EA26 /* Project object */;
}
